
Microsoft Visual Studio Solution File, Format Version 12.00
# Visual Studio Version 16
VisualStudioVersion = 16.0.29920.165
MinimumVisualStudioVersion = 10.0.40219.1
Project("{FAE04EC0-301F-11D3-BF4B-00C04F79EFBC}") = "TrabanhoWeb01", "TrabanhoWeb01\TrabanhoWeb01.csproj", "{3C9ED69C-02B3-428C-A567-4BD382B8A746}"
EndProject
Global
	GlobalSection(SolutionConfigurationPlatforms) = preSolution
		Debug|Any CPU = Debug|Any CPU
		Release|Any CPU = Release|Any CPU
	EndGlobalSection
	GlobalSection(ProjectConfigurationPlatforms) = postSolution
		{3C9ED69C-02B3-428C-A567-4BD382B8A746}.Debug|Any CPU.ActiveCfg = Debug|Any CPU
		{3C9ED69C-02B3-428C-A567-4BD382B8A746}.Debug|Any CPU.Build.0 = Debug|Any CPU
		{3C9ED69C-02B3-428C-A567-4BD382B8A746}.Release|Any CPU.ActiveCfg = Release|Any CPU
		{3C9ED69C-02B3-428C-A567-4BD382B8A746}.Release|Any CPU.Build.0 = Release|Any CPU
	EndGlobalSection
	GlobalSection(SolutionProperties) = preSolution
		HideSolutionNode = FALSE
	EndGlobalSection
	GlobalSection(ExtensibilityGlobals) = postSolution
		SolutionGuid = {AF8B9AB7-21E8-4D3D-8E00-5304C5225A8D}
	EndGlobalSection
EndGlobal
